# THIS IS AN AUTOGENERATED FILE. DO NOT EDIT THIS FILE DIRECTLY.
# yarn lockfile v1


"@types/node@^22.0.0":
  version "22.9.0"
  resolved "https://registry.yarnpkg.com/@types/node/-/node-22.9.0.tgz#b7f16e5c3384788542c72dc3d561a7ceae2c0365"
  integrity sha512-vuyHg81vvWA1Z1ELfvLko2c8f34gyA0zaic0+Rllc5lbCnbSyuvb2Oxpm6TAUAC/2xZN3QGqxBNggD1nNR2AfQ==
  dependencies:
    undici-types "~6.19.8"

uglify-js@^3.17.4:
  version "3.19.3"
  resolved "https://registry.yarnpkg.com/uglify-js/-/uglify-js-3.19.3.tgz#82315e9bbc6f2b25888858acd1fff8441035b77f"
  integrity sha512-v3Xu+yuwBXisp6QYTcH4UbH+xYJXqnq2m/LtQVWKWzYc1iehYnLixoQDN9FH6/j9/oybfd6W9Ghwkl8+UMKTKQ==

undici-types@~6.19.8:
  version "6.19.8"
  resolved "https://registry.yarnpkg.com/undici-types/-/undici-types-6.19.8.tgz#35111c9d1437ab83a7cdc0abae2f26d88eda0a02"
  integrity sha512-ve2KP6f/JnbPBFyobGHuerC9g1FYGn/F8n1LWTwNxCEzd6IfqTwUQcNXgEtmmQ6DlRrC1hrSrBnCZPokRrDHjw==
