# THIS IS AN AUTOGENERATED FILE. DO NOT EDIT THIS FILE DIRECTLY.
# yarn lockfile v1


"@types/node@^18.11.18":
  version "18.17.11"
  resolved "https://registry.yarnpkg.com/@types/node/-/node-18.17.11.tgz#c04054659d88bfeba94095f41ef99a8ddf4e1813"
  integrity sha512-r3hjHPBu+3LzbGBa8DHnr/KAeTEEOrahkcL+cZc4MaBMTM+mk8LtXR+zw+nqfjuDZZzYTYgTcpHuP+BEQk069g==

uglify-js@^3.17.4:
  version "3.17.4"
  resolved "https://registry.yarnpkg.com/uglify-js/-/uglify-js-3.17.4.tgz#61678cf5fa3f5b7eb789bb345df29afb8257c22c"
  integrity sha512-T9q82TJI9e/C1TAxYvfb16xO120tMVFZrGA3f9/P4424DNu6ypK103y0GPFVa17yotwSyZW5iYXgjYHkGrJW/g==
